
Microsoft Visual Studio Solution File, Format Version 12.00
# Visual Studio Version 17
VisualStudioVersion = 17.4.33213.308
MinimumVisualStudioVersion = 10.0.40219.1
Project("{FAE04EC0-301F-11D3-BF4B-00C04F79EFBC}") = "DesignPatternsLab", "DesignPatternsLab\DesignPatternsLab.csproj", "{ED52786D-1464-4587-8A00-DB45A1A1C9CF}"
EndProject
Global
	GlobalSection(SolutionConfigurationPlatforms) = preSolution
		Debug|Any CPU = Debug|Any CPU
		Release|Any CPU = Release|Any CPU
	EndGlobalSection
	GlobalSection(ProjectConfigurationPlatforms) = postSolution
		{ED52786D-1464-4587-8A00-DB45A1A1C9CF}.Debug|Any CPU.ActiveCfg = Debug|Any CPU
		{ED52786D-1464-4587-8A00-DB45A1A1C9CF}.Debug|Any CPU.Build.0 = Debug|Any CPU
		{ED52786D-1464-4587-8A00-DB45A1A1C9CF}.Release|Any CPU.ActiveCfg = Release|Any CPU
		{ED52786D-1464-4587-8A00-DB45A1A1C9CF}.Release|Any CPU.Build.0 = Release|Any CPU
	EndGlobalSection
	GlobalSection(SolutionProperties) = preSolution
		HideSolutionNode = FALSE
	EndGlobalSection
	GlobalSection(ExtensibilityGlobals) = postSolution
		SolutionGuid = {6FA6D3B1-CE87-4E0A-81BE-701FB5E61C62}
	EndGlobalSection
EndGlobal
